
Microsoft Visual Studio Solution File, Format Version 12.00
Project("{FAE04EC0-301F-11D3-BF4B-00C04F79EFBC}") = "Smd.InterviewAssignment.WebApi", "Smd.InterviewAssignment.WebApi\Smd.InterviewAssignment.WebApi.csproj", "{D5F524F9-73AA-4B14-8F03-CD5A95ACBAF5}"
EndProject
Project("{2150E333-8FDC-42A3-9474-1A3956D46DE8}") = "Solution Items", "Solution Items", "{197CD2ED-5EAB-4D35-A096-A39C11689A11}"
ProjectSection(SolutionItems) = preProject
	README.md = README.md
	.gitignore = .gitignore
	global.json = global.json
EndProjectSection
EndProject
Project("{FAE04EC0-301F-11D3-BF4B-00C04F79EFBC}") = "Smd.InterviewAssignment.nUnit.Tests", "Smd.InterviewAssignment.nUnit.Tests\Smd.InterviewAssignment.nUnit.Tests.csproj", "{6B8CFAB0-9AAE-4BA1-87AD-C3BC1913F703}"
EndProject
Project("{2150E333-8FDC-42A3-9474-1A3956D46DE8}") = "Tests", "Tests", "{2A08F856-741C-4E71-AB8D-A9D590D06075}"
EndProject
Project("{FAE04EC0-301F-11D3-BF4B-00C04F79EFBC}") = "Smd.InterviewAssignment.xUnit.Tests", "Smd.InterviewAssignment.xUnit.Tests\Smd.InterviewAssignment.xUnit.Tests.csproj", "{FBA44F21-CA0C-4DD7-982F-F73FE1B28DC4}"
EndProject
Global
	GlobalSection(SolutionConfigurationPlatforms) = preSolution
		Debug|Any CPU = Debug|Any CPU
		Release|Any CPU = Release|Any CPU
	EndGlobalSection
	GlobalSection(ProjectConfigurationPlatforms) = postSolution
		{D5F524F9-73AA-4B14-8F03-CD5A95ACBAF5}.Debug|Any CPU.ActiveCfg = Debug|Any CPU
		{D5F524F9-73AA-4B14-8F03-CD5A95ACBAF5}.Debug|Any CPU.Build.0 = Debug|Any CPU
		{D5F524F9-73AA-4B14-8F03-CD5A95ACBAF5}.Release|Any CPU.ActiveCfg = Release|Any CPU
		{D5F524F9-73AA-4B14-8F03-CD5A95ACBAF5}.Release|Any CPU.Build.0 = Release|Any CPU
		{6B8CFAB0-9AAE-4BA1-87AD-C3BC1913F703}.Debug|Any CPU.ActiveCfg = Debug|Any CPU
		{6B8CFAB0-9AAE-4BA1-87AD-C3BC1913F703}.Debug|Any CPU.Build.0 = Debug|Any CPU
		{6B8CFAB0-9AAE-4BA1-87AD-C3BC1913F703}.Release|Any CPU.ActiveCfg = Release|Any CPU
		{6B8CFAB0-9AAE-4BA1-87AD-C3BC1913F703}.Release|Any CPU.Build.0 = Release|Any CPU
		{FBA44F21-CA0C-4DD7-982F-F73FE1B28DC4}.Debug|Any CPU.ActiveCfg = Debug|Any CPU
		{FBA44F21-CA0C-4DD7-982F-F73FE1B28DC4}.Debug|Any CPU.Build.0 = Debug|Any CPU
		{FBA44F21-CA0C-4DD7-982F-F73FE1B28DC4}.Release|Any CPU.ActiveCfg = Release|Any CPU
		{FBA44F21-CA0C-4DD7-982F-F73FE1B28DC4}.Release|Any CPU.Build.0 = Release|Any CPU
	EndGlobalSection
	GlobalSection(NestedProjects) = preSolution
		{6B8CFAB0-9AAE-4BA1-87AD-C3BC1913F703} = {2A08F856-741C-4E71-AB8D-A9D590D06075}
		{FBA44F21-CA0C-4DD7-982F-F73FE1B28DC4} = {2A08F856-741C-4E71-AB8D-A9D590D06075}
	EndGlobalSection
EndGlobal
