
Microsoft Visual Studio Solution File, Format Version 12.00
# Visual Studio Version 17
VisualStudioVersion = 17.4.33205.214
MinimumVisualStudioVersion = 10.0.40219.1
Project("{9A19103F-16F7-4668-BE54-9A1E7A4F7556}") = "Smd.InterviewAssignment.WebApi", "Smd.InterviewAssignment.WebApi\Smd.InterviewAssignment.WebApi.csproj", "{D5F524F9-73AA-4B14-8F03-CD5A95ACBAF5}"
EndProject
Project("{2150E333-8FDC-42A3-9474-1A3956D46DE8}") = "Solution Items", "Solution Items", "{197CD2ED-5EAB-4D35-A096-A39C11689A11}"
	ProjectSection(SolutionItems) = preProject
		.gitignore = .gitignore
		global.json = global.json
		README.md = README.md
	EndProjectSection
EndProject
Project("{9A19103F-16F7-4668-BE54-9A1E7A4F7556}") = "Smd.InterviewAssignment.nUnit.Tests", "Smd.InterviewAssignment.nUnit.Tests\Smd.InterviewAssignment.nUnit.Tests.csproj", "{6B8CFAB0-9AAE-4BA1-87AD-C3BC1913F703}"
EndProject
Project("{2150E333-8FDC-42A3-9474-1A3956D46DE8}") = "Tests", "Tests", "{2A08F856-741C-4E71-AB8D-A9D590D06075}"
EndProject
Global
	GlobalSection(SolutionConfigurationPlatforms) = preSolution
		Debug|Any CPU = Debug|Any CPU
		Release|Any CPU = Release|Any CPU
	EndGlobalSection
	GlobalSection(ProjectConfigurationPlatforms) = postSolution
		{D5F524F9-73AA-4B14-8F03-CD5A95ACBAF5}.Debug|Any CPU.ActiveCfg = Debug|Any CPU
		{D5F524F9-73AA-4B14-8F03-CD5A95ACBAF5}.Debug|Any CPU.Build.0 = Debug|Any CPU
		{D5F524F9-73AA-4B14-8F03-CD5A95ACBAF5}.Release|Any CPU.ActiveCfg = Release|Any CPU
		{D5F524F9-73AA-4B14-8F03-CD5A95ACBAF5}.Release|Any CPU.Build.0 = Release|Any CPU
		{6B8CFAB0-9AAE-4BA1-87AD-C3BC1913F703}.Debug|Any CPU.ActiveCfg = Debug|Any CPU
		{6B8CFAB0-9AAE-4BA1-87AD-C3BC1913F703}.Debug|Any CPU.Build.0 = Debug|Any CPU
		{6B8CFAB0-9AAE-4BA1-87AD-C3BC1913F703}.Release|Any CPU.ActiveCfg = Release|Any CPU
		{6B8CFAB0-9AAE-4BA1-87AD-C3BC1913F703}.Release|Any CPU.Build.0 = Release|Any CPU
	EndGlobalSection
	GlobalSection(SolutionProperties) = preSolution
		HideSolutionNode = FALSE
	EndGlobalSection
	GlobalSection(NestedProjects) = preSolution
		{6B8CFAB0-9AAE-4BA1-87AD-C3BC1913F703} = {2A08F856-741C-4E71-AB8D-A9D590D06075}
	EndGlobalSection
	GlobalSection(ExtensibilityGlobals) = postSolution
		SolutionGuid = {FE1FF69A-F838-47BB-A9D2-3576CA7E167E}
	EndGlobalSection
EndGlobal
